// !$*UTF8*$!
{
	archiveVersion = 1;
	classes = {
	};
	objectVersion = 46;
	objects = {

/* Begin PBXBuildFile section */
		6E08A6B31A87369000F6093C /* Main.storyboard in Resources */ = {isa = PBXBuildFile; fileRef = 6E08A6B11A87369000F6093C /* Main.storyboard */; };
		6E08A6B51A87369000F6093C /* Images.xcassets in Resources */ = {isa = PBXBuildFile; fileRef = 6E08A6B41A87369000F6093C /* Images.xcassets */; };
		6E08A6B81A87369000F6093C /* LaunchScreen.xib in Resources */ = {isa = PBXBuildFile; fileRef = 6E08A6B61A87369000F6093C /* LaunchScreen.xib */; };
		6E3420B61D9FABAD0009371F /* MediumMenu.swift in Sources */ = {isa = PBXBuildFile; fileRef = 6E3420B41D9FABAD0009371F /* MediumMenu.swift */; };
		6E3420B71D9FABAD0009371F /* MediumMenuItem.swift in Sources */ = {isa = PBXBuildFile; fileRef = 6E3420B51D9FABAD0009371F /* MediumMenuItem.swift */; };
		6E3420BF1D9FAC6B0009371F /* MediumMenu_SampleTests.swift in Sources */ = {isa = PBXBuildFile; fileRef = 6E3420BE1D9FAC6B0009371F /* MediumMenu_SampleTests.swift */; };
		6E3420CD1D9FAC820009371F /* MediumMenuTests.swift in Sources */ = {isa = PBXBuildFile; fileRef = 6E3420CC1D9FAC820009371F /* MediumMenuTests.swift */; };
		6E3420CF1D9FAC820009371F /* MediumMenu.framework in Frameworks */ = {isa = PBXBuildFile; fileRef = BF08F3C31AD8CE0700A5FECD /* MediumMenu.framework */; };
		6E4206BB1AB6E34600A51136 /* AppDelegate.swift in Sources */ = {isa = PBXBuildFile; fileRef = 6E08A6AD1A87369000F6093C /* AppDelegate.swift */; };
		6E4206BC1AB6E34600A51136 /* ViewController.swift in Sources */ = {isa = PBXBuildFile; fileRef = 6E08A6AF1A87369000F6093C /* ViewController.swift */; };
		6E4206BD1AB6E34600A51136 /* NavigationController.swift in Sources */ = {isa = PBXBuildFile; fileRef = 6E08A6DB1A87374A00F6093C /* NavigationController.swift */; };
		6E4206BE1AB6E35000A51136 /* HomeViewController.swift in Sources */ = {isa = PBXBuildFile; fileRef = 6E08A6D31A87370000F6093C /* HomeViewController.swift */; };
		6E4206BF1AB6E35000A51136 /* TopStoriesViewController.swift in Sources */ = {isa = PBXBuildFile; fileRef = 6E08A6D51A87370000F6093C /* TopStoriesViewController.swift */; };
		6E4206C01AB6E35000A51136 /* BookmarksViewController.swift in Sources */ = {isa = PBXBuildFile; fileRef = 6E08A6D11A87370000F6093C /* BookmarksViewController.swift */; };
		6E4206C11AB6E35000A51136 /* HelpViewController.swift in Sources */ = {isa = PBXBuildFile; fileRef = 6E08A6D21A87370000F6093C /* HelpViewController.swift */; };
		6E4206C21AB6E35000A51136 /* SignoutViewController.swift in Sources */ = {isa = PBXBuildFile; fileRef = 6E08A6D41A87370000F6093C /* SignoutViewController.swift */; };
		BF08F3C81AD8CE0700A5FECD /* MediumMenu.h in Headers */ = {isa = PBXBuildFile; fileRef = BF08F3C71AD8CE0700A5FECD /* MediumMenu.h */; settings = {ATTRIBUTES = (Public, ); }; };
		BF08F3DA1AD8CE0800A5FECD /* MediumMenu.framework in Frameworks */ = {isa = PBXBuildFile; fileRef = BF08F3C31AD8CE0700A5FECD /* MediumMenu.framework */; };
		BF08F3DB1AD8CE0800A5FECD /* MediumMenu.framework in Embed Frameworks */ = {isa = PBXBuildFile; fileRef = BF08F3C31AD8CE0700A5FECD /* MediumMenu.framework */; settings = {ATTRIBUTES = (CodeSignOnCopy, RemoveHeadersOnCopy, ); }; };
/* End PBXBuildFile section */

/* Begin PBXContainerItemProxy section */
		6E3420C11D9FAC6B0009371F /* PBXContainerItemProxy */ = {
			isa = PBXContainerItemProxy;
			containerPortal = 6E08A6A01A87369000F6093C /* Project object */;
			proxyType = 1;
			remoteGlobalIDString = 6E08A6A71A87369000F6093C;
			remoteInfo = "MediumMenu-Sample";
		};
		6E3420D01D9FAC820009371F /* PBXContainerItemProxy */ = {
			isa = PBXContainerItemProxy;
			containerPortal = 6E08A6A01A87369000F6093C /* Project object */;
			proxyType = 1;
			remoteGlobalIDString = BF08F3C21AD8CE0700A5FECD;
			remoteInfo = MediumMenu;
		};
		BF08F3D81AD8CE0800A5FECD /* PBXContainerItemProxy */ = {
			isa = PBXContainerItemProxy;
			containerPortal = 6E08A6A01A87369000F6093C /* Project object */;
			proxyType = 1;
			remoteGlobalIDString = BF08F3C21AD8CE0700A5FECD;
			remoteInfo = MediumMenu;
		};
/* End PBXContainerItemProxy section */

/* Begin PBXCopyFilesBuildPhase section */
		BF08F3DF1AD8CE0800A5FECD /* Embed Frameworks */ = {
			isa = PBXCopyFilesBuildPhase;
			buildActionMask = 2147483647;
			dstPath = "";
			dstSubfolderSpec = 10;
			files = (
				BF08F3DB1AD8CE0800A5FECD /* MediumMenu.framework in Embed Frameworks */,
			);
			name = "Embed Frameworks";
			runOnlyForDeploymentPostprocessing = 0;
		};
/* End PBXCopyFilesBuildPhase section */

/* Begin PBXFileReference section */
		6E08A6A81A87369000F6093C /* MediumMenu-Sample.app */ = {isa = PBXFileReference; explicitFileType = wrapper.application; includeInIndex = 0; path = "MediumMenu-Sample.app"; sourceTree = BUILT_PRODUCTS_DIR; };
		6E08A6AC1A87369000F6093C /* Info.plist */ = {isa = PBXFileReference; lastKnownFileType = text.plist.xml; path = Info.plist; sourceTree = "<group>"; };
		6E08A6AD1A87369000F6093C /* AppDelegate.swift */ = {isa = PBXFileReference; lastKnownFileType = sourcecode.swift; path = AppDelegate.swift; sourceTree = "<group>"; };
		6E08A6AF1A87369000F6093C /* ViewController.swift */ = {isa = PBXFileReference; lastKnownFileType = sourcecode.swift; path = ViewController.swift; sourceTree = "<group>"; };
		6E08A6B21A87369000F6093C /* Base */ = {isa = PBXFileReference; lastKnownFileType = file.storyboard; name = Base; path = Base.lproj/Main.storyboard; sourceTree = "<group>"; };
		6E08A6B41A87369000F6093C /* Images.xcassets */ = {isa = PBXFileReference; lastKnownFileType = folder.assetcatalog; path = Images.xcassets; sourceTree = "<group>"; };
		6E08A6B71A87369000F6093C /* Base */ = {isa = PBXFileReference; lastKnownFileType = file.xib; name = Base; path = Base.lproj/LaunchScreen.xib; sourceTree = "<group>"; };
		6E08A6D11A87370000F6093C /* BookmarksViewController.swift */ = {isa = PBXFileReference; fileEncoding = 4; lastKnownFileType = sourcecode.swift; path = BookmarksViewController.swift; sourceTree = "<group>"; };
		6E08A6D21A87370000F6093C /* HelpViewController.swift */ = {isa = PBXFileReference; fileEncoding = 4; lastKnownFileType = sourcecode.swift; path = HelpViewController.swift; sourceTree = "<group>"; };
		6E08A6D31A87370000F6093C /* HomeViewController.swift */ = {isa = PBXFileReference; fileEncoding = 4; lastKnownFileType = sourcecode.swift; path = HomeViewController.swift; sourceTree = "<group>"; };
		6E08A6D41A87370000F6093C /* SignoutViewController.swift */ = {isa = PBXFileReference; fileEncoding = 4; lastKnownFileType = sourcecode.swift; path = SignoutViewController.swift; sourceTree = "<group>"; };
		6E08A6D51A87370000F6093C /* TopStoriesViewController.swift */ = {isa = PBXFileReference; fileEncoding = 4; lastKnownFileType = sourcecode.swift; path = TopStoriesViewController.swift; sourceTree = "<group>"; };
		6E08A6DB1A87374A00F6093C /* NavigationController.swift */ = {isa = PBXFileReference; fileEncoding = 4; lastKnownFileType = sourcecode.swift; path = NavigationController.swift; sourceTree = "<group>"; };
		6E3420B41D9FABAD0009371F /* MediumMenu.swift */ = {isa = PBXFileReference; fileEncoding = 4; lastKnownFileType = sourcecode.swift; path = MediumMenu.swift; sourceTree = "<group>"; };
		6E3420B51D9FABAD0009371F /* MediumMenuItem.swift */ = {isa = PBXFileReference; fileEncoding = 4; lastKnownFileType = sourcecode.swift; path = MediumMenuItem.swift; sourceTree = "<group>"; };
		6E3420BC1D9FAC6B0009371F /* MediumMenu-SampleTests.xctest */ = {isa = PBXFileReference; explicitFileType = wrapper.cfbundle; includeInIndex = 0; path = "MediumMenu-SampleTests.xctest"; sourceTree = BUILT_PRODUCTS_DIR; };
		6E3420BE1D9FAC6B0009371F /* MediumMenu_SampleTests.swift */ = {isa = PBXFileReference; lastKnownFileType = sourcecode.swift; path = MediumMenu_SampleTests.swift; sourceTree = "<group>"; };
		6E3420C01D9FAC6B0009371F /* Info.plist */ = {isa = PBXFileReference; lastKnownFileType = text.plist.xml; path = Info.plist; sourceTree = "<group>"; };
		6E3420CA1D9FAC820009371F /* MediumMenuTests.xctest */ = {isa = PBXFileReference; explicitFileType = wrapper.cfbundle; includeInIndex = 0; path = MediumMenuTests.xctest; sourceTree = BUILT_PRODUCTS_DIR; };
		6E3420CC1D9FAC820009371F /* MediumMenuTests.swift */ = {isa = PBXFileReference; lastKnownFileType = sourcecode.swift; path = MediumMenuTests.swift; sourceTree = "<group>"; };
		6E3420CE1D9FAC820009371F /* Info.plist */ = {isa = PBXFileReference; lastKnownFileType = text.plist.xml; path = Info.plist; sourceTree = "<group>"; };
		BF08F3C31AD8CE0700A5FECD /* MediumMenu.framework */ = {isa = PBXFileReference; explicitFileType = wrapper.framework; includeInIndex = 0; path = MediumMenu.framework; sourceTree = BUILT_PRODUCTS_DIR; };
		BF08F3C61AD8CE0700A5FECD /* Info.plist */ = {isa = PBXFileReference; lastKnownFileType = text.plist.xml; path = Info.plist; sourceTree = "<group>"; };
		BF08F3C71AD8CE0700A5FECD /* MediumMenu.h */ = {isa = PBXFileReference; lastKnownFileType = sourcecode.c.h; path = MediumMenu.h; sourceTree = "<group>"; };
/* End PBXFileReference section */

/* Begin PBXFrameworksBuildPhase section */
		6E08A6A51A87369000F6093C /* Frameworks */ = {
			isa = PBXFrameworksBuildPhase;
			buildActionMask = 2147483647;
			files = (
				BF08F3DA1AD8CE0800A5FECD /* MediumMenu.framework in Frameworks */,
			);
			runOnlyForDeploymentPostprocessing = 0;
		};
		6E3420B91D9FAC6B0009371F /* Frameworks */ = {
			isa = PBXFrameworksBuildPhase;
			buildActionMask = 2147483647;
			files = (
			);
			runOnlyForDeploymentPostprocessing = 0;
		};
		6E3420C71D9FAC820009371F /* Frameworks */ = {
			isa = PBXFrameworksBuildPhase;
			buildActionMask = 2147483647;
			files = (
				6E3420CF1D9FAC820009371F /* MediumMenu.framework in Frameworks */,
			);
			runOnlyForDeploymentPostprocessing = 0;
		};
		BF08F3BF1AD8CE0700A5FECD /* Frameworks */ = {
			isa = PBXFrameworksBuildPhase;
			buildActionMask = 2147483647;
			files = (
			);
			runOnlyForDeploymentPostprocessing = 0;
		};
/* End PBXFrameworksBuildPhase section */

/* Begin PBXGroup section */
		6E08A69F1A87369000F6093C = {
			isa = PBXGroup;
			children = (
				6E08A6AA1A87369000F6093C /* MediumMenu-Sample */,
				BF08F3C41AD8CE0700A5FECD /* MediumMenu */,
				6E3420BD1D9FAC6B0009371F /* MediumMenu-SampleTests */,
				6E3420CB1D9FAC820009371F /* MediumMenuTests */,
				6E08A6A91A87369000F6093C /* Products */,
			);
			sourceTree = "<group>";
		};
		6E08A6A91A87369000F6093C /* Products */ = {
			isa = PBXGroup;
			children = (
				6E08A6A81A87369000F6093C /* MediumMenu-Sample.app */,
				BF08F3C31AD8CE0700A5FECD /* MediumMenu.framework */,
				6E3420BC1D9FAC6B0009371F /* MediumMenu-SampleTests.xctest */,
				6E3420CA1D9FAC820009371F /* MediumMenuTests.xctest */,
			);
			name = Products;
			sourceTree = "<group>";
		};
		6E08A6AA1A87369000F6093C /* MediumMenu-Sample */ = {
			isa = PBXGroup;
			children = (
				6E08A6D01A87370000F6093C /* Controllers */,
				6E08A6AD1A87369000F6093C /* AppDelegate.swift */,
				6E08A6AF1A87369000F6093C /* ViewController.swift */,
				6E08A6DB1A87374A00F6093C /* NavigationController.swift */,
				6E08A6B11A87369000F6093C /* Main.storyboard */,
				6E08A6B41A87369000F6093C /* Images.xcassets */,
				6E08A6AB1A87369000F6093C /* Supporting Files */,
			);
			path = "MediumMenu-Sample";
			sourceTree = "<group>";
		};
		6E08A6AB1A87369000F6093C /* Supporting Files */ = {
			isa = PBXGroup;
			children = (
				6E08A6B61A87369000F6093C /* LaunchScreen.xib */,
				6E08A6AC1A87369000F6093C /* Info.plist */,
			);
			name = "Supporting Files";
			sourceTree = "<group>";
		};
		6E08A6D01A87370000F6093C /* Controllers */ = {
			isa = PBXGroup;
			children = (
				6E08A6D31A87370000F6093C /* HomeViewController.swift */,
				6E08A6D51A87370000F6093C /* TopStoriesViewController.swift */,
				6E08A6D11A87370000F6093C /* BookmarksViewController.swift */,
				6E08A6D21A87370000F6093C /* HelpViewController.swift */,
				6E08A6D41A87370000F6093C /* SignoutViewController.swift */,
			);
			name = Controllers;
			path = View;
			sourceTree = "<group>";
		};
		6E3420BD1D9FAC6B0009371F /* MediumMenu-SampleTests */ = {
			isa = PBXGroup;
			children = (
				6E3420BE1D9FAC6B0009371F /* MediumMenu_SampleTests.swift */,
				6E3420C01D9FAC6B0009371F /* Info.plist */,
			);
			path = "MediumMenu-SampleTests";
			sourceTree = "<group>";
		};
		6E3420CB1D9FAC820009371F /* MediumMenuTests */ = {
			isa = PBXGroup;
			children = (
				6E3420CC1D9FAC820009371F /* MediumMenuTests.swift */,
				6E3420CE1D9FAC820009371F /* Info.plist */,
			);
			path = MediumMenuTests;
			sourceTree = "<group>";
		};
		BF08F3C41AD8CE0700A5FECD /* MediumMenu */ = {
			isa = PBXGroup;
			children = (
				6E3420B41D9FABAD0009371F /* MediumMenu.swift */,
				6E3420B51D9FABAD0009371F /* MediumMenuItem.swift */,
				BF08F3C71AD8CE0700A5FECD /* MediumMenu.h */,
				BF08F3C51AD8CE0700A5FECD /* Supporting Files */,
			);
			path = MediumMenu;
			sourceTree = "<group>";
		};
		BF08F3C51AD8CE0700A5FECD /* Supporting Files */ = {
			isa = PBXGroup;
			children = (
				BF08F3C61AD8CE0700A5FECD /* Info.plist */,
			);
			name = "Supporting Files";
			sourceTree = "<group>";
		};
/* End PBXGroup section */

/* Begin PBXHeadersBuildPhase section */
		BF08F3C01AD8CE0700A5FECD /* Headers */ = {
			isa = PBXHeadersBuildPhase;
			buildActionMask = 2147483647;
			files = (
				BF08F3C81AD8CE0700A5FECD /* MediumMenu.h in Headers */,
			);
			runOnlyForDeploymentPostprocessing = 0;
		};
/* End PBXHeadersBuildPhase section */

/* Begin PBXNativeTarget section */
		6E08A6A71A87369000F6093C /* MediumMenu-Sample */ = {
			isa = PBXNativeTarget;
			buildConfigurationList = 6E08A6C71A87369000F6093C /* Build configuration list for PBXNativeTarget "MediumMenu-Sample" */;
			buildPhases = (
				6E08A6A41A87369000F6093C /* Sources */,
				6E08A6A51A87369000F6093C /* Frameworks */,
				6E08A6A61A87369000F6093C /* Resources */,
				BF08F3DF1AD8CE0800A5FECD /* Embed Frameworks */,
			);
			buildRules = (
			);
			dependencies = (
				BF08F3D91AD8CE0800A5FECD /* PBXTargetDependency */,
			);
			name = "MediumMenu-Sample";
			productName = "MediumMenu-Sample";
			productReference = 6E08A6A81A87369000F6093C /* MediumMenu-Sample.app */;
			productType = "com.apple.product-type.application";
		};
		6E3420BB1D9FAC6B0009371F /* MediumMenu-SampleTests */ = {
			isa = PBXNativeTarget;
			buildConfigurationList = 6E3420C31D9FAC6B0009371F /* Build configuration list for PBXNativeTarget "MediumMenu-SampleTests" */;
			buildPhases = (
				6E3420B81D9FAC6B0009371F /* Sources */,
				6E3420B91D9FAC6B0009371F /* Frameworks */,
				6E3420BA1D9FAC6B0009371F /* Resources */,
			);
			buildRules = (
			);
			dependencies = (
				6E3420C21D9FAC6B0009371F /* PBXTargetDependency */,
			);
			name = "MediumMenu-SampleTests";
			productName = "MediumMenu-SampleTests";
			productReference = 6E3420BC1D9FAC6B0009371F /* MediumMenu-SampleTests.xctest */;
			productType = "com.apple.product-type.bundle.unit-test";
		};
		6E3420C91D9FAC820009371F /* MediumMenuTests */ = {
			isa = PBXNativeTarget;
			buildConfigurationList = 6E3420D21D9FAC820009371F /* Build configuration list for PBXNativeTarget "MediumMenuTests" */;
			buildPhases = (
				6E3420C61D9FAC820009371F /* Sources */,
				6E3420C71D9FAC820009371F /* Frameworks */,
				6E3420C81D9FAC820009371F /* Resources */,
			);
			buildRules = (
			);
			dependencies = (
				6E3420D11D9FAC820009371F /* PBXTargetDependency */,
			);
			name = MediumMenuTests;
			productName = MediumMenuTests;
			productReference = 6E3420CA1D9FAC820009371F /* MediumMenuTests.xctest */;
			productType = "com.apple.product-type.bundle.unit-test";
		};
		BF08F3C21AD8CE0700A5FECD /* MediumMenu */ = {
			isa = PBXNativeTarget;
			buildConfigurationList = BF08F3DC1AD8CE0800A5FECD /* Build configuration list for PBXNativeTarget "MediumMenu" */;
			buildPhases = (
				BF08F3BE1AD8CE0700A5FECD /* Sources */,
				BF08F3BF1AD8CE0700A5FECD /* Frameworks */,
				BF08F3C01AD8CE0700A5FECD /* Headers */,
				BF08F3C11AD8CE0700A5FECD /* Resources */,
			);
			buildRules = (
			);
			dependencies = (
			);
			name = MediumMenu;
			productName = MediumMenu;
			productReference = BF08F3C31AD8CE0700A5FECD /* MediumMenu.framework */;
			productType = "com.apple.product-type.framework";
		};
/* End PBXNativeTarget section */

/* Begin PBXProject section */
		6E08A6A01A87369000F6093C /* Project object */ = {
			isa = PBXProject;
			attributes = {
				LastSwiftMigration = 0700;
				LastSwiftUpdateCheck = 0810;
				LastUpgradeCheck = 0800;
				ORGANIZATIONNAME = pixyzehn;
				TargetAttributes = {
					6E08A6A71A87369000F6093C = {
						CreatedOnToolsVersion = 6.1.1;
						DevelopmentTeam = XP5N783SQH;
						LastSwiftMigration = 0800;
					};
					6E3420BB1D9FAC6B0009371F = {
						CreatedOnToolsVersion = 8.1;
						DevelopmentTeam = XP5N783SQH;
						LastSwiftMigration = 0800;
						ProvisioningStyle = Automatic;
						TestTargetID = 6E08A6A71A87369000F6093C;
					};
					6E3420C91D9FAC820009371F = {
						CreatedOnToolsVersion = 8.1;
						DevelopmentTeam = XP5N783SQH;
						LastSwiftMigration = 0810;
						ProvisioningStyle = Automatic;
					};
					BF08F3C21AD8CE0700A5FECD = {
						CreatedOnToolsVersion = 6.3;
						LastSwiftMigration = 0800;
					};
				};
			};
			buildConfigurationList = 6E08A6A31A87369000F6093C /* Build configuration list for PBXProject "MediumMenu" */;
			compatibilityVersion = "Xcode 3.2";
			developmentRegion = English;
			hasScannedForEncodings = 0;
			knownRegions = (
				en,
				Base,
			);
			mainGroup = 6E08A69F1A87369000F6093C;
			productRefGroup = 6E08A6A91A87369000F6093C /* Products */;
			projectDirPath = "";
			projectRoot = "";
			targets = (
				6E08A6A71A87369000F6093C /* MediumMenu-Sample */,
				BF08F3C21AD8CE0700A5FECD /* MediumMenu */,
				6E3420BB1D9FAC6B0009371F /* MediumMenu-SampleTests */,
				6E3420C91D9FAC820009371F /* MediumMenuTests */,
			);
		};
/* End PBXProject section */

/* Begin PBXResourcesBuildPhase section */
		6E08A6A61A87369000F6093C /* Resources */ = {
			isa = PBXResourcesBuildPhase;
			buildActionMask = 2147483647;
			files = (
				6E08A6B31A87369000F6093C /* Main.storyboard in Resources */,
				6E08A6B81A87369000F6093C /* LaunchScreen.xib in Resources */,
				6E08A6B51A87369000F6093C /* Images.xcassets in Resources */,
			);
			runOnlyForDeploymentPostprocessing = 0;
		};
		6E3420BA1D9FAC6B0009371F /* Resources */ = {
			isa = PBXResourcesBuildPhase;
			buildActionMask = 2147483647;
			files = (
			);
			runOnlyForDeploymentPostprocessing = 0;
		};
		6E3420C81D9FAC820009371F /* Resources */ = {
			isa = PBXResourcesBuildPhase;
			buildActionMask = 2147483647;
			files = (
			);
			runOnlyForDeploymentPostprocessing = 0;
		};
		BF08F3C11AD8CE0700A5FECD /* Resources */ = {
			isa = PBXResourcesBuildPhase;
			buildActionMask = 2147483647;
			files = (
			);
			runOnlyForDeploymentPostprocessing = 0;
		};
/* End PBXResourcesBuildPhase section */

/* Begin PBXSourcesBuildPhase section */
		6E08A6A41A87369000F6093C /* Sources */ = {
			isa = PBXSourcesBuildPhase;
			buildActionMask = 2147483647;
			files = (
				6E4206BE1AB6E35000A51136 /* HomeViewController.swift in Sources */,
				6E4206BF1AB6E35000A51136 /* TopStoriesViewController.swift in Sources */,
				6E4206C01AB6E35000A51136 /* BookmarksViewController.swift in Sources */,
				6E4206C11AB6E35000A51136 /* HelpViewController.swift in Sources */,
				6E4206C21AB6E35000A51136 /* SignoutViewController.swift in Sources */,
				6E4206BB1AB6E34600A51136 /* AppDelegate.swift in Sources */,
				6E4206BC1AB6E34600A51136 /* ViewController.swift in Sources */,
				6E4206BD1AB6E34600A51136 /* NavigationController.swift in Sources */,
			);
			runOnlyForDeploymentPostprocessing = 0;
		};
		6E3420B81D9FAC6B0009371F /* Sources */ = {
			isa = PBXSourcesBuildPhase;
			buildActionMask = 2147483647;
			files = (
				6E3420BF1D9FAC6B0009371F /* MediumMenu_SampleTests.swift in Sources */,
			);
			runOnlyForDeploymentPostprocessing = 0;
		};
		6E3420C61D9FAC820009371F /* Sources */ = {
			isa = PBXSourcesBuildPhase;
			buildActionMask = 2147483647;
			files = (
				6E3420CD1D9FAC820009371F /* MediumMenuTests.swift in Sources */,
			);
			runOnlyForDeploymentPostprocessing = 0;
		};
		BF08F3BE1AD8CE0700A5FECD /* Sources */ = {
			isa = PBXSourcesBuildPhase;
			buildActionMask = 2147483647;
			files = (
				6E3420B71D9FABAD0009371F /* MediumMenuItem.swift in Sources */,
				6E3420B61D9FABAD0009371F /* MediumMenu.swift in Sources */,
			);
			runOnlyForDeploymentPostprocessing = 0;
		};
/* End PBXSourcesBuildPhase section */

/* Begin PBXTargetDependency section */
		6E3420C21D9FAC6B0009371F /* PBXTargetDependency */ = {
			isa = PBXTargetDependency;
			target = 6E08A6A71A87369000F6093C /* MediumMenu-Sample */;
			targetProxy = 6E3420C11D9FAC6B0009371F /* PBXContainerItemProxy */;
		};
		6E3420D11D9FAC820009371F /* PBXTargetDependency */ = {
			isa = PBXTargetDependency;
			target = BF08F3C21AD8CE0700A5FECD /* MediumMenu */;
			targetProxy = 6E3420D01D9FAC820009371F /* PBXContainerItemProxy */;
		};
		BF08F3D91AD8CE0800A5FECD /* PBXTargetDependency */ = {
			isa = PBXTargetDependency;
			target = BF08F3C21AD8CE0700A5FECD /* MediumMenu */;
			targetProxy = BF08F3D81AD8CE0800A5FECD /* PBXContainerItemProxy */;
		};
/* End PBXTargetDependency section */

/* Begin PBXVariantGroup section */
		6E08A6B11A87369000F6093C /* Main.storyboard */ = {
			isa = PBXVariantGroup;
			children = (
				6E08A6B21A87369000F6093C /* Base */,
			);
			name = Main.storyboard;
			sourceTree = "<group>";
		};
		6E08A6B61A87369000F6093C /* LaunchScreen.xib */ = {
			isa = PBXVariantGroup;
			children = (
				6E08A6B71A87369000F6093C /* Base */,
			);
			name = LaunchScreen.xib;
			sourceTree = "<group>";
		};
/* End PBXVariantGroup section */

/* Begin XCBuildConfiguration section */
		6E08A6C51A87369000F6093C /* Debug */ = {
			isa = XCBuildConfiguration;
			buildSettings = {
				ALWAYS_SEARCH_USER_PATHS = NO;
				CLANG_CXX_LANGUAGE_STANDARD = "gnu++0x";
				CLANG_CXX_LIBRARY = "libc++";
				CLANG_ENABLE_MODULES = YES;
				CLANG_ENABLE_OBJC_ARC = YES;
				CLANG_WARN_BOOL_CONVERSION = YES;
				CLANG_WARN_CONSTANT_CONVERSION = YES;
				CLANG_WARN_DIRECT_OBJC_ISA_USAGE = YES_ERROR;
				CLANG_WARN_EMPTY_BODY = YES;
				CLANG_WARN_ENUM_CONVERSION = YES;
				CLANG_WARN_INFINITE_RECURSION = YES;
				CLANG_WARN_INT_CONVERSION = YES;
				CLANG_WARN_OBJC_ROOT_CLASS = YES_ERROR;
				CLANG_WARN_SUSPICIOUS_MOVE = YES;
				CLANG_WARN_UNREACHABLE_CODE = YES;
				CLANG_WARN__DUPLICATE_METHOD_MATCH = YES;
				"CODE_SIGN_IDENTITY[sdk=iphoneos*]" = "iPhone Developer";
				COPY_PHASE_STRIP = NO;
				ENABLE_STRICT_OBJC_MSGSEND = YES;
				ENABLE_TESTABILITY = YES;
				GCC_C_LANGUAGE_STANDARD = gnu99;
				GCC_DYNAMIC_NO_PIC = NO;
				GCC_NO_COMMON_BLOCKS = YES;
				GCC_OPTIMIZATION_LEVEL = 0;
				GCC_PREPROCESSOR_DEFINITIONS = (
					"DEBUG=1",
					"$(inherited)",
				);
				GCC_SYMBOLS_PRIVATE_EXTERN = NO;
				GCC_WARN_64_TO_32_BIT_CONVERSION = YES;
				GCC_WARN_ABOUT_RETURN_TYPE = YES_ERROR;
				GCC_WARN_UNDECLARED_SELECTOR = YES;
				GCC_WARN_UNINITIALIZED_AUTOS = YES_AGGRESSIVE;
				GCC_WARN_UNUSED_FUNCTION = YES;
				GCC_WARN_UNUSED_VARIABLE = YES;
				IPHONEOS_DEPLOYMENT_TARGET = 8.0;
				MTL_ENABLE_DEBUG_INFO = YES;
				ONLY_ACTIVE_ARCH = YES;
				SDKROOT = iphoneos;
				SWIFT_OPTIMIZATION_LEVEL = "-Onone";
			};
			name = Debug;
		};
		6E08A6C61A87369000F6093C /* Release */ = {
			isa = XCBuildConfiguration;
			buildSettings = {
				ALWAYS_SEARCH_USER_PATHS = NO;
				CLANG_CXX_LANGUAGE_STANDARD = "gnu++0x";
				CLANG_CXX_LIBRARY = "libc++";
				CLANG_ENABLE_MODULES = YES;
				CLANG_ENABLE_OBJC_ARC = YES;
				CLANG_WARN_BOOL_CONVERSION = YES;
				CLANG_WARN_CONSTANT_CONVERSION = YES;
				CLANG_WARN_DIRECT_OBJC_ISA_USAGE = YES_ERROR;
				CLANG_WARN_EMPTY_BODY = YES;
				CLANG_WARN_ENUM_CONVERSION = YES;
				CLANG_WARN_INFINITE_RECURSION = YES;
				CLANG_WARN_INT_CONVERSION = YES;
				CLANG_WARN_OBJC_ROOT_CLASS = YES_ERROR;
				CLANG_WARN_SUSPICIOUS_MOVE = YES;
				CLANG_WARN_UNREACHABLE_CODE = YES;
				CLANG_WARN__DUPLICATE_METHOD_MATCH = YES;
				"CODE_SIGN_IDENTITY[sdk=iphoneos*]" = "iPhone Developer";
				COPY_PHASE_STRIP = YES;
				ENABLE_NS_ASSERTIONS = NO;
				ENABLE_STRICT_OBJC_MSGSEND = YES;
				GCC_C_LANGUAGE_STANDARD = gnu99;
				GCC_NO_COMMON_BLOCKS = YES;
				GCC_WARN_64_TO_32_BIT_CONVERSION = YES;
				GCC_WARN_ABOUT_RETURN_TYPE = YES_ERROR;
				GCC_WARN_UNDECLARED_SELECTOR = YES;
				GCC_WARN_UNINITIALIZED_AUTOS = YES_AGGRESSIVE;
				GCC_WARN_UNUSED_FUNCTION = YES;
				GCC_WARN_UNUSED_VARIABLE = YES;
				IPHONEOS_DEPLOYMENT_TARGET = 8.0;
				MTL_ENABLE_DEBUG_INFO = NO;
				SDKROOT = iphoneos;
				SWIFT_OPTIMIZATION_LEVEL = "-Owholemodule";
				VALIDATE_PRODUCT = YES;
			};
			name = Release;
		};
		6E08A6C81A87369000F6093C /* Debug */ = {
			isa = XCBuildConfiguration;
			buildSettings = {
				ALWAYS_EMBED_SWIFT_STANDARD_LIBRARIES = YES;
				ASSETCATALOG_COMPILER_APPICON_NAME = AppIcon;
				DEVELOPMENT_TEAM = XP5N783SQH;
				INFOPLIST_FILE = "MediumMenu-Sample/Info.plist";
				LD_RUNPATH_SEARCH_PATHS = "$(inherited) @executable_path/Frameworks";
				PRODUCT_BUNDLE_IDENTIFIER = "pixyzehn.$(PRODUCT_NAME:rfc1034identifier)";
				PRODUCT_NAME = "$(TARGET_NAME)";
				SWIFT_VERSION = 3.0;
			};
			name = Debug;
		};
		6E08A6C91A87369000F6093C /* Release */ = {
			isa = XCBuildConfiguration;
			buildSettings = {
				ALWAYS_EMBED_SWIFT_STANDARD_LIBRARIES = YES;
				ASSETCATALOG_COMPILER_APPICON_NAME = AppIcon;
				DEVELOPMENT_TEAM = XP5N783SQH;
				INFOPLIST_FILE = "MediumMenu-Sample/Info.plist";
				LD_RUNPATH_SEARCH_PATHS = "$(inherited) @executable_path/Frameworks";
				PRODUCT_BUNDLE_IDENTIFIER = "pixyzehn.$(PRODUCT_NAME:rfc1034identifier)";
				PRODUCT_NAME = "$(TARGET_NAME)";
				SWIFT_VERSION = 3.0;
			};
			name = Release;
		};
		6E3420C41D9FAC6B0009371F /* Debug */ = {
			isa = XCBuildConfiguration;
			buildSettings = {
				BUNDLE_LOADER = "$(TEST_HOST)";
				CLANG_ANALYZER_NONNULL = YES;
				CLANG_WARN_DOCUMENTATION_COMMENTS = YES;
				CLANG_WARN_SUSPICIOUS_MOVES = YES;
				DEBUG_INFORMATION_FORMAT = dwarf;
				DEVELOPMENT_TEAM = XP5N783SQH;
				INFOPLIST_FILE = "MediumMenu-SampleTests/Info.plist";
				IPHONEOS_DEPLOYMENT_TARGET = 10.0;
				LD_RUNPATH_SEARCH_PATHS = "$(inherited) @executable_path/Frameworks @loader_path/Frameworks";
				PRODUCT_BUNDLE_IDENTIFIER = "pixyzehn.MediumMenu-SampleTests";
				PRODUCT_NAME = "$(TARGET_NAME)";
				SWIFT_ACTIVE_COMPILATION_CONDITIONS = DEBUG;
				SWIFT_VERSION = 3.0;
				TEST_HOST = "$(BUILT_PRODUCTS_DIR)/MediumMenu-Sample.app/MediumMenu-Sample";
			};
			name = Debug;
		};
		6E3420C51D9FAC6B0009371F /* Release */ = {
			isa = XCBuildConfiguration;
			buildSettings = {
				BUNDLE_LOADER = "$(TEST_HOST)";
				CLANG_ANALYZER_NONNULL = YES;
				CLANG_WARN_DOCUMENTATION_COMMENTS = YES;
				CLANG_WARN_SUSPICIOUS_MOVES = YES;
				COPY_PHASE_STRIP = NO;
				DEBUG_INFORMATION_FORMAT = "dwarf-with-dsym";
				DEVELOPMENT_TEAM = XP5N783SQH;
				INFOPLIST_FILE = "MediumMenu-SampleTests/Info.plist";
				IPHONEOS_DEPLOYMENT_TARGET = 10.0;
				LD_RUNPATH_SEARCH_PATHS = "$(inherited) @executable_path/Frameworks @loader_path/Frameworks";
				PRODUCT_BUNDLE_IDENTIFIER = "pixyzehn.MediumMenu-SampleTests";
				PRODUCT_NAME = "$(TARGET_NAME)";
				SWIFT_VERSION = 3.0;
				TEST_HOST = "$(BUILT_PRODUCTS_DIR)/MediumMenu-Sample.app/MediumMenu-Sample";
			};
			name = Release;
		};
		6E3420D31D9FAC820009371F /* Debug */ = {
			isa = XCBuildConfiguration;
			buildSettings = {
				CLANG_ANALYZER_NONNULL = YES;
				CLANG_WARN_DOCUMENTATION_COMMENTS = YES;
				CLANG_WARN_SUSPICIOUS_MOVES = YES;
				DEBUG_INFORMATION_FORMAT = dwarf;
				DEVELOPMENT_TEAM = XP5N783SQH;
				INFOPLIST_FILE = MediumMenuTests/Info.plist;
				IPHONEOS_DEPLOYMENT_TARGET = 10.0;
				LD_RUNPATH_SEARCH_PATHS = "$(inherited) @executable_path/Frameworks @loader_path/Frameworks";
				PRODUCT_BUNDLE_IDENTIFIER = pixyzehn.MediumMenuTests;
				PRODUCT_NAME = "$(TARGET_NAME)";
				SWIFT_ACTIVE_COMPILATION_CONDITIONS = DEBUG;
				SWIFT_VERSION = 3.0;
			};
			name = Debug;
		};
		6E3420D41D9FAC820009371F /* Release */ = {
			isa = XCBuildConfiguration;
			buildSettings = {
				CLANG_ANALYZER_NONNULL = YES;
				CLANG_WARN_DOCUMENTATION_COMMENTS = YES;
				CLANG_WARN_SUSPICIOUS_MOVES = YES;
				COPY_PHASE_STRIP = NO;
				DEBUG_INFORMATION_FORMAT = "dwarf-with-dsym";
				DEVELOPMENT_TEAM = XP5N783SQH;
				INFOPLIST_FILE = MediumMenuTests/Info.plist;
				IPHONEOS_DEPLOYMENT_TARGET = 10.0;
				LD_RUNPATH_SEARCH_PATHS = "$(inherited) @executable_path/Frameworks @loader_path/Frameworks";
				PRODUCT_BUNDLE_IDENTIFIER = pixyzehn.MediumMenuTests;
				PRODUCT_NAME = "$(TARGET_NAME)";
				SWIFT_VERSION = 3.0;
			};
			name = Release;
		};
		BF08F3DD1AD8CE0800A5FECD /* Debug */ = {
			isa = XCBuildConfiguration;
			buildSettings = {
				CLANG_ENABLE_MODULES = YES;
				"CODE_SIGN_IDENTITY[sdk=iphoneos*]" = "";
				CURRENT_PROJECT_VERSION = 1;
				DEBUG_INFORMATION_FORMAT = "dwarf-with-dsym";
				DEFINES_MODULE = YES;
				DYLIB_COMPATIBILITY_VERSION = 1;
				DYLIB_CURRENT_VERSION = 1;
				DYLIB_INSTALL_NAME_BASE = "@rpath";
				GCC_NO_COMMON_BLOCKS = YES;
				GCC_PREPROCESSOR_DEFINITIONS = (
					"DEBUG=1",
					"$(inherited)",
				);
				INFOPLIST_FILE = MediumMenu/Info.plist;
				INSTALL_PATH = "$(LOCAL_LIBRARY_DIR)/Frameworks";
				IPHONEOS_DEPLOYMENT_TARGET = 8.0;
				LD_RUNPATH_SEARCH_PATHS = "$(inherited) @executable_path/Frameworks @loader_path/Frameworks";
				LIBRARY_SEARCH_PATHS = "$(SRCROOT)";
				PRODUCT_BUNDLE_IDENTIFIER = "com.pixyzehn.$(PRODUCT_NAME:rfc1034identifier)";
				PRODUCT_NAME = "$(TARGET_NAME)";
				SKIP_INSTALL = YES;
				SWIFT_OPTIMIZATION_LEVEL = "-Onone";
				SWIFT_VERSION = 3.0;
				TARGETED_DEVICE_FAMILY = "1,2";
				VERSIONING_SYSTEM = "apple-generic";
				VERSION_INFO_PREFIX = "";
			};
			name = Debug;
		};
		BF08F3DE1AD8CE0800A5FECD /* Release */ = {
			isa = XCBuildConfiguration;
			buildSettings = {
				CLANG_ENABLE_MODULES = YES;
				"CODE_SIGN_IDENTITY[sdk=iphoneos*]" = "";
				COPY_PHASE_STRIP = NO;
				CURRENT_PROJECT_VERSION = 1;
				DEBUG_INFORMATION_FORMAT = "dwarf-with-dsym";
				DEFINES_MODULE = YES;
				DYLIB_COMPATIBILITY_VERSION = 1;
				DYLIB_CURRENT_VERSION = 1;
				DYLIB_INSTALL_NAME_BASE = "@rpath";
				GCC_NO_COMMON_BLOCKS = YES;
				INFOPLIST_FILE = MediumMenu/Info.plist;
				INSTALL_PATH = "$(LOCAL_LIBRARY_DIR)/Frameworks";
				IPHONEOS_DEPLOYMENT_TARGET = 8.0;
				LD_RUNPATH_SEARCH_PATHS = "$(inherited) @executable_path/Frameworks @loader_path/Frameworks";
				LIBRARY_SEARCH_PATHS = "$(SRCROOT)";
				PRODUCT_BUNDLE_IDENTIFIER = "com.pixyzehn.$(PRODUCT_NAME:rfc1034identifier)";
				PRODUCT_NAME = "$(TARGET_NAME)";
				SKIP_INSTALL = YES;
				SWIFT_VERSION = 3.0;
				TARGETED_DEVICE_FAMILY = "1,2";
				VERSIONING_SYSTEM = "apple-generic";
				VERSION_INFO_PREFIX = "";
			};
			name = Release;
		};
/* End XCBuildConfiguration section */

/* Begin XCConfigurationList section */
		6E08A6A31A87369000F6093C /* Build configuration list for PBXProject "MediumMenu" */ = {
			isa = XCConfigurationList;
			buildConfigurations = (
				6E08A6C51A87369000F6093C /* Debug */,
				6E08A6C61A87369000F6093C /* Release */,
			);
			defaultConfigurationIsVisible = 0;
			defaultConfigurationName = Release;
		};
		6E08A6C71A87369000F6093C /* Build configuration list for PBXNativeTarget "MediumMenu-Sample" */ = {
			isa = XCConfigurationList;
			buildConfigurations = (
				6E08A6C81A87369000F6093C /* Debug */,
				6E08A6C91A87369000F6093C /* Release */,
			);
			defaultConfigurationIsVisible = 0;
			defaultConfigurationName = Release;
		};
		6E3420C31D9FAC6B0009371F /* Build configuration list for PBXNativeTarget "MediumMenu-SampleTests" */ = {
			isa = XCConfigurationList;
			buildConfigurations = (
				6E3420C41D9FAC6B0009371F /* Debug */,
				6E3420C51D9FAC6B0009371F /* Release */,
			);
			defaultConfigurationIsVisible = 0;
			defaultConfigurationName = Release;
		};
		6E3420D21D9FAC820009371F /* Build configuration list for PBXNativeTarget "MediumMenuTests" */ = {
			isa = XCConfigurationList;
			buildConfigurations = (
				6E3420D31D9FAC820009371F /* Debug */,
				6E3420D41D9FAC820009371F /* Release */,
			);
			defaultConfigurationIsVisible = 0;
			defaultConfigurationName = Release;
		};
		BF08F3DC1AD8CE0800A5FECD /* Build configuration list for PBXNativeTarget "MediumMenu" */ = {
			isa = XCConfigurationList;
			buildConfigurations = (
				BF08F3DD1AD8CE0800A5FECD /* Debug */,
				BF08F3DE1AD8CE0800A5FECD /* Release */,
			);
			defaultConfigurationIsVisible = 0;
			defaultConfigurationName = Release;
		};
/* End XCConfigurationList section */
	};
	rootObject = 6E08A6A01A87369000F6093C /* Project object */;
}
