// !$*UTF8*$!
{
	archiveVersion = 1;
	classes = {
	};
	objectVersion = 46;
	objects = {

/* Begin PBXBuildFile section */
		6ECFE5681A7F4F5500C3820C /* AppDelegate.swift in Sources */ = {isa = PBXBuildFile; fileRef = 6ECFE5671A7F4F5500C3820C /* AppDelegate.swift */; };
		6ECFE56A1A7F4F5500C3820C /* ViewController.swift in Sources */ = {isa = PBXBuildFile; fileRef = 6ECFE5691A7F4F5500C3820C /* ViewController.swift */; };
		6ECFE56F1A7F4F5500C3820C /* Images.xcassets in Resources */ = {isa = PBXBuildFile; fileRef = 6ECFE56E1A7F4F5500C3820C /* Images.xcassets */; };
		6ECFE57E1A7F4F5500C3820C /* MediumMenuTests.swift in Sources */ = {isa = PBXBuildFile; fileRef = 6ECFE57D1A7F4F5500C3820C /* MediumMenuTests.swift */; };
		6ECFE5881A7F521900C3820C /* MediumMenu.swift in Sources */ = {isa = PBXBuildFile; fileRef = 6ECFE5871A7F521900C3820C /* MediumMenu.swift */; };
		6ECFE58A1A807BCA00C3820C /* NavigationController.swift in Sources */ = {isa = PBXBuildFile; fileRef = 6ECFE5891A807BCA00C3820C /* NavigationController.swift */; };
/* End PBXBuildFile section */

/* Begin PBXContainerItemProxy section */
		6ECFE5781A7F4F5500C3820C /* PBXContainerItemProxy */ = {
			isa = PBXContainerItemProxy;
			containerPortal = 6ECFE55A1A7F4F5500C3820C /* Project object */;
			proxyType = 1;
			remoteGlobalIDString = 6ECFE5611A7F4F5500C3820C;
			remoteInfo = MediumMenu;
		};
/* End PBXContainerItemProxy section */

/* Begin PBXFileReference section */
		6ECFE5621A7F4F5500C3820C /* MediumMenu.app */ = {isa = PBXFileReference; explicitFileType = wrapper.application; includeInIndex = 0; path = MediumMenu.app; sourceTree = BUILT_PRODUCTS_DIR; };
		6ECFE5661A7F4F5500C3820C /* Info.plist */ = {isa = PBXFileReference; lastKnownFileType = text.plist.xml; path = Info.plist; sourceTree = "<group>"; };
		6ECFE5671A7F4F5500C3820C /* AppDelegate.swift */ = {isa = PBXFileReference; lastKnownFileType = sourcecode.swift; path = AppDelegate.swift; sourceTree = "<group>"; };
		6ECFE5691A7F4F5500C3820C /* ViewController.swift */ = {isa = PBXFileReference; lastKnownFileType = sourcecode.swift; path = ViewController.swift; sourceTree = "<group>"; };
		6ECFE56C1A7F4F5500C3820C /* Base */ = {isa = PBXFileReference; lastKnownFileType = file.storyboard; name = Base; path = Base.lproj/Main.storyboard; sourceTree = "<group>"; };
		6ECFE56E1A7F4F5500C3820C /* Images.xcassets */ = {isa = PBXFileReference; lastKnownFileType = folder.assetcatalog; path = Images.xcassets; sourceTree = "<group>"; };
		6ECFE5711A7F4F5500C3820C /* Base */ = {isa = PBXFileReference; lastKnownFileType = file.xib; name = Base; path = Base.lproj/LaunchScreen.xib; sourceTree = "<group>"; };
		6ECFE5771A7F4F5500C3820C /* MediumMenuTests.xctest */ = {isa = PBXFileReference; explicitFileType = wrapper.cfbundle; includeInIndex = 0; path = MediumMenuTests.xctest; sourceTree = BUILT_PRODUCTS_DIR; };
		6ECFE57C1A7F4F5500C3820C /* Info.plist */ = {isa = PBXFileReference; lastKnownFileType = text.plist.xml; path = Info.plist; sourceTree = "<group>"; };
		6ECFE57D1A7F4F5500C3820C /* MediumMenuTests.swift */ = {isa = PBXFileReference; lastKnownFileType = sourcecode.swift; path = MediumMenuTests.swift; sourceTree = "<group>"; };
		6ECFE5871A7F521900C3820C /* MediumMenu.swift */ = {isa = PBXFileReference; fileEncoding = 4; lastKnownFileType = sourcecode.swift; path = MediumMenu.swift; sourceTree = "<group>"; };
		6ECFE5891A807BCA00C3820C /* NavigationController.swift */ = {isa = PBXFileReference; fileEncoding = 4; lastKnownFileType = sourcecode.swift; path = NavigationController.swift; sourceTree = "<group>"; };
/* End PBXFileReference section */

/* Begin PBXFrameworksBuildPhase section */
		6ECFE55F1A7F4F5500C3820C /* Frameworks */ = {
			isa = PBXFrameworksBuildPhase;
			buildActionMask = 2147483647;
			files = (
			);
			runOnlyForDeploymentPostprocessing = 0;
		};
		6ECFE5741A7F4F5500C3820C /* Frameworks */ = {
			isa = PBXFrameworksBuildPhase;
			buildActionMask = 2147483647;
			files = (
			);
			runOnlyForDeploymentPostprocessing = 0;
		};
/* End PBXFrameworksBuildPhase section */

/* Begin PBXGroup section */
		6ECFE5591A7F4F5500C3820C = {
			isa = PBXGroup;
			children = (
				6ECFE5641A7F4F5500C3820C /* MediumMenu */,
				6ECFE57A1A7F4F5500C3820C /* MediumMenuTests */,
				6ECFE5631A7F4F5500C3820C /* Products */,
			);
			sourceTree = "<group>";
		};
		6ECFE5631A7F4F5500C3820C /* Products */ = {
			isa = PBXGroup;
			children = (
				6ECFE5621A7F4F5500C3820C /* MediumMenu.app */,
				6ECFE5771A7F4F5500C3820C /* MediumMenuTests.xctest */,
			);
			name = Products;
			sourceTree = "<group>";
		};
		6ECFE5641A7F4F5500C3820C /* MediumMenu */ = {
			isa = PBXGroup;
			children = (
				6ECFE5871A7F521900C3820C /* MediumMenu.swift */,
				6ECFE5671A7F4F5500C3820C /* AppDelegate.swift */,
				6ECFE5691A7F4F5500C3820C /* ViewController.swift */,
				6ECFE5891A807BCA00C3820C /* NavigationController.swift */,
				6ECFE56B1A7F4F5500C3820C /* Main.storyboard */,
				6ECFE56E1A7F4F5500C3820C /* Images.xcassets */,
				6ECFE5701A7F4F5500C3820C /* LaunchScreen.xib */,
				6ECFE5651A7F4F5500C3820C /* Supporting Files */,
			);
			path = MediumMenu;
			sourceTree = "<group>";
		};
		6ECFE5651A7F4F5500C3820C /* Supporting Files */ = {
			isa = PBXGroup;
			children = (
				6ECFE5661A7F4F5500C3820C /* Info.plist */,
			);
			name = "Supporting Files";
			sourceTree = "<group>";
		};
		6ECFE57A1A7F4F5500C3820C /* MediumMenuTests */ = {
			isa = PBXGroup;
			children = (
				6ECFE57D1A7F4F5500C3820C /* MediumMenuTests.swift */,
				6ECFE57B1A7F4F5500C3820C /* Supporting Files */,
			);
			path = MediumMenuTests;
			sourceTree = "<group>";
		};
		6ECFE57B1A7F4F5500C3820C /* Supporting Files */ = {
			isa = PBXGroup;
			children = (
				6ECFE57C1A7F4F5500C3820C /* Info.plist */,
			);
			name = "Supporting Files";
			sourceTree = "<group>";
		};
/* End PBXGroup section */

/* Begin PBXNativeTarget section */
		6ECFE5611A7F4F5500C3820C /* MediumMenu */ = {
			isa = PBXNativeTarget;
			buildConfigurationList = 6ECFE5811A7F4F5500C3820C /* Build configuration list for PBXNativeTarget "MediumMenu" */;
			buildPhases = (
				6ECFE55E1A7F4F5500C3820C /* Sources */,
				6ECFE55F1A7F4F5500C3820C /* Frameworks */,
				6ECFE5601A7F4F5500C3820C /* Resources */,
			);
			buildRules = (
			);
			dependencies = (
			);
			name = MediumMenu;
			productName = MediumMenu;
			productReference = 6ECFE5621A7F4F5500C3820C /* MediumMenu.app */;
			productType = "com.apple.product-type.application";
		};
		6ECFE5761A7F4F5500C3820C /* MediumMenuTests */ = {
			isa = PBXNativeTarget;
			buildConfigurationList = 6ECFE5841A7F4F5500C3820C /* Build configuration list for PBXNativeTarget "MediumMenuTests" */;
			buildPhases = (
				6ECFE5731A7F4F5500C3820C /* Sources */,
				6ECFE5741A7F4F5500C3820C /* Frameworks */,
				6ECFE5751A7F4F5500C3820C /* Resources */,
			);
			buildRules = (
			);
			dependencies = (
				6ECFE5791A7F4F5500C3820C /* PBXTargetDependency */,
			);
			name = MediumMenuTests;
			productName = MediumMenuTests;
			productReference = 6ECFE5771A7F4F5500C3820C /* MediumMenuTests.xctest */;
			productType = "com.apple.product-type.bundle.unit-test";
		};
/* End PBXNativeTarget section */

/* Begin PBXProject section */
		6ECFE55A1A7F4F5500C3820C /* Project object */ = {
			isa = PBXProject;
			attributes = {
				LastUpgradeCheck = 0610;
				ORGANIZATIONNAME = pixyzehn;
				TargetAttributes = {
					6ECFE5611A7F4F5500C3820C = {
						CreatedOnToolsVersion = 6.1.1;
					};
					6ECFE5761A7F4F5500C3820C = {
						CreatedOnToolsVersion = 6.1.1;
						TestTargetID = 6ECFE5611A7F4F5500C3820C;
					};
				};
			};
			buildConfigurationList = 6ECFE55D1A7F4F5500C3820C /* Build configuration list for PBXProject "MediumMenu" */;
			compatibilityVersion = "Xcode 3.2";
			developmentRegion = English;
			hasScannedForEncodings = 0;
			knownRegions = (
				en,
				Base,
			);
			mainGroup = 6ECFE5591A7F4F5500C3820C;
			productRefGroup = 6ECFE5631A7F4F5500C3820C /* Products */;
			projectDirPath = "";
			projectRoot = "";
			targets = (
				6ECFE5611A7F4F5500C3820C /* MediumMenu */,
				6ECFE5761A7F4F5500C3820C /* MediumMenuTests */,
			);
		};
/* End PBXProject section */

/* Begin PBXResourcesBuildPhase section */
		6ECFE5601A7F4F5500C3820C /* Resources */ = {
			isa = PBXResourcesBuildPhase;
			buildActionMask = 2147483647;
			files = (
				6ECFE56F1A7F4F5500C3820C /* Images.xcassets in Resources */,
			);
			runOnlyForDeploymentPostprocessing = 0;
		};
		6ECFE5751A7F4F5500C3820C /* Resources */ = {
			isa = PBXResourcesBuildPhase;
			buildActionMask = 2147483647;
			files = (
			);
			runOnlyForDeploymentPostprocessing = 0;
		};
/* End PBXResourcesBuildPhase section */

/* Begin PBXSourcesBuildPhase section */
		6ECFE55E1A7F4F5500C3820C /* Sources */ = {
			isa = PBXSourcesBuildPhase;
			buildActionMask = 2147483647;
			files = (
				6ECFE56A1A7F4F5500C3820C /* ViewController.swift in Sources */,
				6ECFE58A1A807BCA00C3820C /* NavigationController.swift in Sources */,
				6ECFE5881A7F521900C3820C /* MediumMenu.swift in Sources */,
				6ECFE5681A7F4F5500C3820C /* AppDelegate.swift in Sources */,
			);
			runOnlyForDeploymentPostprocessing = 0;
		};
		6ECFE5731A7F4F5500C3820C /* Sources */ = {
			isa = PBXSourcesBuildPhase;
			buildActionMask = 2147483647;
			files = (
				6ECFE57E1A7F4F5500C3820C /* MediumMenuTests.swift in Sources */,
			);
			runOnlyForDeploymentPostprocessing = 0;
		};
/* End PBXSourcesBuildPhase section */

/* Begin PBXTargetDependency section */
		6ECFE5791A7F4F5500C3820C /* PBXTargetDependency */ = {
			isa = PBXTargetDependency;
			target = 6ECFE5611A7F4F5500C3820C /* MediumMenu */;
			targetProxy = 6ECFE5781A7F4F5500C3820C /* PBXContainerItemProxy */;
		};
/* End PBXTargetDependency section */

/* Begin PBXVariantGroup section */
		6ECFE56B1A7F4F5500C3820C /* Main.storyboard */ = {
			isa = PBXVariantGroup;
			children = (
				6ECFE56C1A7F4F5500C3820C /* Base */,
			);
			name = Main.storyboard;
			sourceTree = "<group>";
		};
		6ECFE5701A7F4F5500C3820C /* LaunchScreen.xib */ = {
			isa = PBXVariantGroup;
			children = (
				6ECFE5711A7F4F5500C3820C /* Base */,
			);
			name = LaunchScreen.xib;
			sourceTree = "<group>";
		};
/* End PBXVariantGroup section */

/* Begin XCBuildConfiguration section */
		6ECFE57F1A7F4F5500C3820C /* Debug */ = {
			isa = XCBuildConfiguration;
			buildSettings = {
				ALWAYS_SEARCH_USER_PATHS = NO;
				CLANG_CXX_LANGUAGE_STANDARD = "gnu++0x";
				CLANG_CXX_LIBRARY = "libc++";
				CLANG_ENABLE_MODULES = YES;
				CLANG_ENABLE_OBJC_ARC = YES;
				CLANG_WARN_BOOL_CONVERSION = YES;
				CLANG_WARN_CONSTANT_CONVERSION = YES;
				CLANG_WARN_DIRECT_OBJC_ISA_USAGE = YES_ERROR;
				CLANG_WARN_EMPTY_BODY = YES;
				CLANG_WARN_ENUM_CONVERSION = YES;
				CLANG_WARN_INT_CONVERSION = YES;
				CLANG_WARN_OBJC_ROOT_CLASS = YES_ERROR;
				CLANG_WARN_UNREACHABLE_CODE = YES;
				CLANG_WARN__DUPLICATE_METHOD_MATCH = YES;
				"CODE_SIGN_IDENTITY[sdk=iphoneos*]" = "iPhone Developer";
				COPY_PHASE_STRIP = NO;
				ENABLE_STRICT_OBJC_MSGSEND = YES;
				GCC_C_LANGUAGE_STANDARD = gnu99;
				GCC_DYNAMIC_NO_PIC = NO;
				GCC_OPTIMIZATION_LEVEL = 0;
				GCC_PREPROCESSOR_DEFINITIONS = (
					"DEBUG=1",
					"$(inherited)",
				);
				GCC_SYMBOLS_PRIVATE_EXTERN = NO;
				GCC_WARN_64_TO_32_BIT_CONVERSION = YES;
				GCC_WARN_ABOUT_RETURN_TYPE = YES_ERROR;
				GCC_WARN_UNDECLARED_SELECTOR = YES;
				GCC_WARN_UNINITIALIZED_AUTOS = YES_AGGRESSIVE;
				GCC_WARN_UNUSED_FUNCTION = YES;
				GCC_WARN_UNUSED_VARIABLE = YES;
				IPHONEOS_DEPLOYMENT_TARGET = 8.1;
				MTL_ENABLE_DEBUG_INFO = YES;
				ONLY_ACTIVE_ARCH = NO;
				SDKROOT = iphoneos;
				SWIFT_OPTIMIZATION_LEVEL = "-Onone";
			};
			name = Debug;
		};
		6ECFE5801A7F4F5500C3820C /* Release */ = {
			isa = XCBuildConfiguration;
			buildSettings = {
				ALWAYS_SEARCH_USER_PATHS = NO;
				CLANG_CXX_LANGUAGE_STANDARD = "gnu++0x";
				CLANG_CXX_LIBRARY = "libc++";
				CLANG_ENABLE_MODULES = YES;
				CLANG_ENABLE_OBJC_ARC = YES;
				CLANG_WARN_BOOL_CONVERSION = YES;
				CLANG_WARN_CONSTANT_CONVERSION = YES;
				CLANG_WARN_DIRECT_OBJC_ISA_USAGE = YES_ERROR;
				CLANG_WARN_EMPTY_BODY = YES;
				CLANG_WARN_ENUM_CONVERSION = YES;
				CLANG_WARN_INT_CONVERSION = YES;
				CLANG_WARN_OBJC_ROOT_CLASS = YES_ERROR;
				CLANG_WARN_UNREACHABLE_CODE = YES;
				CLANG_WARN__DUPLICATE_METHOD_MATCH = YES;
				"CODE_SIGN_IDENTITY[sdk=iphoneos*]" = "iPhone Developer";
				COPY_PHASE_STRIP = YES;
				ENABLE_NS_ASSERTIONS = NO;
				ENABLE_STRICT_OBJC_MSGSEND = YES;
				GCC_C_LANGUAGE_STANDARD = gnu99;
				GCC_WARN_64_TO_32_BIT_CONVERSION = YES;
				GCC_WARN_ABOUT_RETURN_TYPE = YES_ERROR;
				GCC_WARN_UNDECLARED_SELECTOR = YES;
				GCC_WARN_UNINITIALIZED_AUTOS = YES_AGGRESSIVE;
				GCC_WARN_UNUSED_FUNCTION = YES;
				GCC_WARN_UNUSED_VARIABLE = YES;
				IPHONEOS_DEPLOYMENT_TARGET = 8.1;
				MTL_ENABLE_DEBUG_INFO = NO;
				SDKROOT = iphoneos;
				VALIDATE_PRODUCT = YES;
			};
			name = Release;
		};
		6ECFE5821A7F4F5500C3820C /* Debug */ = {
			isa = XCBuildConfiguration;
			buildSettings = {
				ASSETCATALOG_COMPILER_APPICON_NAME = AppIcon;
				INFOPLIST_FILE = MediumMenu/Info.plist;
				LD_RUNPATH_SEARCH_PATHS = "$(inherited) @executable_path/Frameworks";
				ONLY_ACTIVE_ARCH = NO;
				PRODUCT_NAME = "$(TARGET_NAME)";
			};
			name = Debug;
		};
		6ECFE5831A7F4F5500C3820C /* Release */ = {
			isa = XCBuildConfiguration;
			buildSettings = {
				ASSETCATALOG_COMPILER_APPICON_NAME = AppIcon;
				INFOPLIST_FILE = MediumMenu/Info.plist;
				LD_RUNPATH_SEARCH_PATHS = "$(inherited) @executable_path/Frameworks";
				PRODUCT_NAME = "$(TARGET_NAME)";
			};
			name = Release;
		};
		6ECFE5851A7F4F5500C3820C /* Debug */ = {
			isa = XCBuildConfiguration;
			buildSettings = {
				BUNDLE_LOADER = "$(TEST_HOST)";
				FRAMEWORK_SEARCH_PATHS = (
					"$(SDKROOT)/Developer/Library/Frameworks",
					"$(inherited)",
				);
				GCC_PREPROCESSOR_DEFINITIONS = (
					"DEBUG=1",
					"$(inherited)",
				);
				INFOPLIST_FILE = MediumMenuTests/Info.plist;
				LD_RUNPATH_SEARCH_PATHS = "$(inherited) @executable_path/Frameworks @loader_path/Frameworks";
				PRODUCT_NAME = "$(TARGET_NAME)";
				TEST_HOST = "$(BUILT_PRODUCTS_DIR)/MediumMenu.app/MediumMenu";
			};
			name = Debug;
		};
		6ECFE5861A7F4F5500C3820C /* Release */ = {
			isa = XCBuildConfiguration;
			buildSettings = {
				BUNDLE_LOADER = "$(TEST_HOST)";
				FRAMEWORK_SEARCH_PATHS = (
					"$(SDKROOT)/Developer/Library/Frameworks",
					"$(inherited)",
				);
				INFOPLIST_FILE = MediumMenuTests/Info.plist;
				LD_RUNPATH_SEARCH_PATHS = "$(inherited) @executable_path/Frameworks @loader_path/Frameworks";
				PRODUCT_NAME = "$(TARGET_NAME)";
				TEST_HOST = "$(BUILT_PRODUCTS_DIR)/MediumMenu.app/MediumMenu";
			};
			name = Release;
		};
/* End XCBuildConfiguration section */

/* Begin XCConfigurationList section */
		6ECFE55D1A7F4F5500C3820C /* Build configuration list for PBXProject "MediumMenu" */ = {
			isa = XCConfigurationList;
			buildConfigurations = (
				6ECFE57F1A7F4F5500C3820C /* Debug */,
				6ECFE5801A7F4F5500C3820C /* Release */,
			);
			defaultConfigurationIsVisible = 0;
			defaultConfigurationName = Release;
		};
		6ECFE5811A7F4F5500C3820C /* Build configuration list for PBXNativeTarget "MediumMenu" */ = {
			isa = XCConfigurationList;
			buildConfigurations = (
				6ECFE5821A7F4F5500C3820C /* Debug */,
				6ECFE5831A7F4F5500C3820C /* Release */,
			);
			defaultConfigurationIsVisible = 0;
			defaultConfigurationName = Release;
		};
		6ECFE5841A7F4F5500C3820C /* Build configuration list for PBXNativeTarget "MediumMenuTests" */ = {
			isa = XCConfigurationList;
			buildConfigurations = (
				6ECFE5851A7F4F5500C3820C /* Debug */,
				6ECFE5861A7F4F5500C3820C /* Release */,
			);
			defaultConfigurationIsVisible = 0;
			defaultConfigurationName = Release;
		};
/* End XCConfigurationList section */
	};
	rootObject = 6ECFE55A1A7F4F5500C3820C /* Project object */;
}
